{
  "version": 4,
  "terraform_version": "1.5.6",
  "serial": 226,
  "lineage": "f08462ba-82e6-a10e-2c88-1c5a6812c841",
  "outputs": {
    "virtual_network_name": {
      "value": "sap-dev-vnet-default",
      "type": "string"
    },
    "web_lb_publicip": {
      "value": "20.22.214.98",
      "type": "string"
    },
    "web_linuxvm_public_ip": {
      "value": [
        "",
        ""
      ],
      "type": [
        "tuple",
        [
          "string",
          "string"
        ]
      ]
    },
    "web_subnet_name_name": {
      "value": "sap-dev-websubnet",
      "type": "string"
    }
  },
  "resources": [
    {
      "mode": "managed",
      "type": "azurerm_lb",
      "name": "web_lb",
      "provider": "provider[\"registry.terraform.io/hashicorp/azurerm\"]",
      "instances": [
        {
          "schema_version": 0,
          "attributes": {
            "edge_zone": "",
            "frontend_ip_configuration": [
              {
                "gateway_load_balancer_frontend_ip_configuration_id": "",
                "id": "/subscriptions/96b933ba-3ac8-4a40-99cd-89bd68a4e6d6/resourceGroups/sap-dev-rg-default-knfsio/providers/Microsoft.Network/loadBalancers/sap-dev-web-lb/frontendIPConfigurations/web-lb-public-ip",
                "inbound_nat_rules": [],
                "load_balancer_rules": [],
                "name": "web-lb-public-ip",
                "outbound_rules": [],
                "private_ip_address": "",
                "private_ip_address_allocation": "Dynamic",
                "private_ip_address_version": "",
                "public_ip_address_id": "/subscriptions/96b933ba-3ac8-4a40-99cd-89bd68a4e6d6/resourceGroups/sap-dev-rg-default-knfsio/providers/Microsoft.Network/publicIPAddresses/sap-dev-lb-publicip",
                "public_ip_prefix_id": "",
                "subnet_id": "",
                "zones": null
              }
            ],
            "id": "/subscriptions/96b933ba-3ac8-4a40-99cd-89bd68a4e6d6/resourceGroups/sap-dev-rg-default-knfsio/providers/Microsoft.Network/loadBalancers/sap-dev-web-lb",
            "location": "eastus2",
            "name": "sap-dev-web-lb",
            "private_ip_address": "",
            "private_ip_addresses": [],
            "resource_group_name": "sap-dev-rg-default-knfsio",
            "sku": "Standard",
            "sku_tier": "Regional",
            "tags": null,
            "timeouts": null
          },
          "sensitive_attributes": [],
          "private": "eyJlMmJmYjczMC1lY2FhLTExZTYtOGY4OC0zNDM2M2JjN2M0YzAiOnsiY3JlYXRlIjoxODAwMDAwMDAwMDAwLCJkZWxldGUiOjE4MDAwMDAwMDAwMDAsInJlYWQiOjMwMDAwMDAwMDAwMCwidXBkYXRlIjoxODAwMDAwMDAwMDAwfX0=",
          "dependencies": [
            "azurerm_public_ip.web_lb_publicip",
            "azurerm_resource_group.myrg1",
            "random_string.myrandom"
          ]
        }
      ]
    },
    {
      "mode": "managed",
      "type": "azurerm_lb_backend_address_pool",
      "name": "web_lb_backend_address_pool",
      "provider": "provider[\"registry.terraform.io/hashicorp/azurerm\"]",
      "instances": [
        {
          "schema_version": 0,
          "attributes": {
            "backend_ip_configurations": [],
            "id": "/subscriptions/96b933ba-3ac8-4a40-99cd-89bd68a4e6d6/resourceGroups/sap-dev-rg-default-knfsio/providers/Microsoft.Network/loadBalancers/sap-dev-web-lb/backendAddressPools/web-backend",
            "load_balancing_rules": [],
            "loadbalancer_id": "/subscriptions/96b933ba-3ac8-4a40-99cd-89bd68a4e6d6/resourceGroups/sap-dev-rg-default-knfsio/providers/Microsoft.Network/loadBalancers/sap-dev-web-lb",
            "name": "web-backend",
            "outbound_rules": [],
            "timeouts": null,
            "tunnel_interface": []
          },
          "sensitive_attributes": [],
          "private": "eyJlMmJmYjczMC1lY2FhLTExZTYtOGY4OC0zNDM2M2JjN2M0YzAiOnsiY3JlYXRlIjoxODAwMDAwMDAwMDAwLCJkZWxldGUiOjE4MDAwMDAwMDAwMDAsInJlYWQiOjMwMDAwMDAwMDAwMCwidXBkYXRlIjoxODAwMDAwMDAwMDAwfX0=",
          "dependencies": [
            "azurerm_lb.web_lb",
            "azurerm_public_ip.web_lb_publicip",
            "azurerm_resource_group.myrg1",
            "random_string.myrandom"
          ]
        }
      ]
    },
    {
      "mode": "managed",
      "type": "azurerm_lb_probe",
      "name": "web_lb_probe",
      "provider": "provider[\"registry.terraform.io/hashicorp/azurerm\"]",
      "instances": [
        {
          "schema_version": 0,
          "attributes": {
            "id": "/subscriptions/96b933ba-3ac8-4a40-99cd-89bd68a4e6d6/resourceGroups/sap-dev-rg-default-knfsio/providers/Microsoft.Network/loadBalancers/sap-dev-web-lb/probes/tcp-probe",
            "interval_in_seconds": 15,
            "load_balancer_rules": [],
            "loadbalancer_id": "/subscriptions/96b933ba-3ac8-4a40-99cd-89bd68a4e6d6/resourceGroups/sap-dev-rg-default-knfsio/providers/Microsoft.Network/loadBalancers/sap-dev-web-lb",
            "name": "tcp-probe",
            "number_of_probes": 2,
            "port": 80,
            "protocol": "Tcp",
            "request_path": "",
            "timeouts": null
          },
          "sensitive_attributes": [],
          "private": "eyJlMmJmYjczMC1lY2FhLTExZTYtOGY4OC0zNDM2M2JjN2M0YzAiOnsiY3JlYXRlIjoxODAwMDAwMDAwMDAwLCJkZWxldGUiOjE4MDAwMDAwMDAwMDAsInJlYWQiOjMwMDAwMDAwMDAwMCwidXBkYXRlIjoxODAwMDAwMDAwMDAwfX0=",
          "dependencies": [
            "azurerm_lb.web_lb",
            "azurerm_public_ip.web_lb_publicip",
            "azurerm_resource_group.myrg1",
            "random_string.myrandom"
          ]
        }
      ]
    },
    {
      "mode": "managed",
      "type": "azurerm_lb_rule",
      "name": "web_lb_rule",
      "provider": "provider[\"registry.terraform.io/hashicorp/azurerm\"]",
      "instances": [
        {
          "schema_version": 0,
          "attributes": {
            "backend_address_pool_ids": [
              "/subscriptions/96b933ba-3ac8-4a40-99cd-89bd68a4e6d6/resourceGroups/sap-dev-rg-default-knfsio/providers/Microsoft.Network/loadBalancers/sap-dev-web-lb/backendAddressPools/web-backend"
            ],
            "backend_port": 80,
            "disable_outbound_snat": false,
            "enable_floating_ip": false,
            "enable_tcp_reset": false,
            "frontend_ip_configuration_id": "/subscriptions/96b933ba-3ac8-4a40-99cd-89bd68a4e6d6/resourceGroups/sap-dev-rg-default-knfsio/providers/Microsoft.Network/loadBalancers/sap-dev-web-lb/frontendIPConfigurations/web-lb-public-ip",
            "frontend_ip_configuration_name": "web-lb-public-ip",
            "frontend_port": 80,
            "id": "/subscriptions/96b933ba-3ac8-4a40-99cd-89bd68a4e6d6/resourceGroups/sap-dev-rg-default-knfsio/providers/Microsoft.Network/loadBalancers/sap-dev-web-lb/loadBalancingRules/web-app-rule",
            "idle_timeout_in_minutes": 4,
            "load_distribution": "Default",
            "loadbalancer_id": "/subscriptions/96b933ba-3ac8-4a40-99cd-89bd68a4e6d6/resourceGroups/sap-dev-rg-default-knfsio/providers/Microsoft.Network/loadBalancers/sap-dev-web-lb",
            "name": "web-app-rule",
            "probe_id": "/subscriptions/96b933ba-3ac8-4a40-99cd-89bd68a4e6d6/resourceGroups/sap-dev-rg-default-knfsio/providers/Microsoft.Network/loadBalancers/sap-dev-web-lb/probes/tcp-probe",
            "protocol": "Tcp",
            "timeouts": null
          },
          "sensitive_attributes": [],
          "private": "eyJlMmJmYjczMC1lY2FhLTExZTYtOGY4OC0zNDM2M2JjN2M0YzAiOnsiY3JlYXRlIjoxODAwMDAwMDAwMDAwLCJkZWxldGUiOjE4MDAwMDAwMDAwMDAsInJlYWQiOjMwMDAwMDAwMDAwMCwidXBkYXRlIjoxODAwMDAwMDAwMDAwfX0=",
          "dependencies": [
            "azurerm_lb.web_lb",
            "azurerm_lb_backend_address_pool.web_lb_backend_address_pool",
            "azurerm_lb_probe.web_lb_probe",
            "azurerm_public_ip.web_lb_publicip",
            "azurerm_resource_group.myrg1",
            "random_string.myrandom"
          ]
        }
      ]
    },
    {
      "mode": "managed",
      "type": "azurerm_linux_virtual_machine",
      "name": "web_linux_vm",
      "provider": "provider[\"registry.terraform.io/hashicorp/azurerm\"]",
      "instances": [
        {
          "index_key": "vm1",
          "schema_version": 0,
          "attributes": {
            "additional_capabilities": [],
            "admin_password": "Admin@12345678",
            "admin_ssh_key": [],
            "admin_username": "azureuser",
            "allow_extension_operations": true,
            "availability_set_id": "",
            "boot_diagnostics": [],
            "computer_name": "sap-dev-web-linuxvm-vm1",
            "custom_data": "IyEvYmluL3NoDQpzdWRvIGFwdC1nZXQgdXBkYXRlIC15DQpzdWRvIGFwdCBpbnN0YWxsIGFwYWNoZTIgLXkNCnN1ZG8gZWNobyAiV2VsY29tZSB0byB0ZXN0IC0gV2ViVk0gQXBwMSAtIFZNIEhvc3RuYW1lOiAkKGhvc3RuYW1lKSIgPiAvdmFyL3d3dy9odG1sL2luZGV4Lmh0bWwNCg==",
            "dedicated_host_group_id": "",
            "dedicated_host_id": "",
            "disable_password_authentication": false,
            "edge_zone": "",
            "encryption_at_host_enabled": false,
            "eviction_policy": "",
            "extensions_time_budget": "PT1H30M",
            "id": "/subscriptions/96b933ba-3ac8-4a40-99cd-89bd68a4e6d6/resourceGroups/sap-dev-rg-default-knfsio/providers/Microsoft.Compute/virtualMachines/sap-dev-web-linuxvm-vm1",
            "identity": [],
            "license_type": "",
            "location": "eastus2",
            "max_bid_price": -1,
            "name": "sap-dev-web-linuxvm-vm1",
            "network_interface_ids": [
              "/subscriptions/96b933ba-3ac8-4a40-99cd-89bd68a4e6d6/resourceGroups/sap-dev-rg-default-knfsio/providers/Microsoft.Network/networkInterfaces/sap-dev-web-linuxvm-nic-vm1"
            ],
            "os_disk": [
              {
                "caching": "ReadWrite",
                "diff_disk_settings": [],
                "disk_encryption_set_id": "",
                "disk_size_gb": 30,
                "name": "sap-dev-web-linuxvm-vm1_OsDisk_1_33a3f73439254991a97df965c9ce4b56",
                "storage_account_type": "Standard_LRS",
                "write_accelerator_enabled": false
              }
            ],
            "patch_mode": "ImageDefault",
            "plan": [],
            "platform_fault_domain": -1,
            "priority": "Regular",
            "private_ip_address": "10.0.1.5",
            "private_ip_addresses": [
              "10.0.1.5"
            ],
            "provision_vm_agent": true,
            "proximity_placement_group_id": "",
            "public_ip_address": "",
            "public_ip_addresses": [],
            "resource_group_name": "sap-dev-rg-default-knfsio",
            "secret": [],
            "secure_boot_enabled": false,
            "size": "Standard_DS1_v2",
            "source_image_id": "",
            "source_image_reference": [
              {
                "offer": "0001-com-ubuntu-server-focal",
                "publisher": "Canonical",
                "sku": "20_04-lts",
                "version": "latest"
              }
            ],
            "tags": null,
            "termination_notification": null,
            "timeouts": null,
            "user_data": "",
            "virtual_machine_id": "81456469-faa8-4eb0-a199-16f7e84ce380",
            "virtual_machine_scale_set_id": "",
            "vtpm_enabled": false,
            "zone": ""
          },
          "sensitive_attributes": [
            [
              {
                "type": "get_attr",
                "value": "admin_password"
              }
            ]
          ],
          "private": "eyJlMmJmYjczMC1lY2FhLTExZTYtOGY4OC0zNDM2M2JjN2M0YzAiOnsiY3JlYXRlIjoyNzAwMDAwMDAwMDAwLCJkZWxldGUiOjI3MDAwMDAwMDAwMDAsInJlYWQiOjMwMDAwMDAwMDAwMCwidXBkYXRlIjoyNzAwMDAwMDAwMDAwfX0=",
          "dependencies": [
            "azurerm_network_interface.web_linux_nic",
            "azurerm_resource_group.myrg1",
            "azurerm_subnet.websubnet",
            "azurerm_virtual_network.vnet",
            "random_string.myrandom"
          ]
        },
        {
          "index_key": "vm2",
          "schema_version": 0,
          "attributes": {
            "additional_capabilities": [],
            "admin_password": "Admin@12345678",
            "admin_ssh_key": [],
            "admin_username": "azureuser",
            "allow_extension_operations": true,
            "availability_set_id": "",
            "boot_diagnostics": [],
            "computer_name": "sap-dev-web-linuxvm-vm2",
            "custom_data": "IyEvYmluL3NoDQpzdWRvIGFwdC1nZXQgdXBkYXRlIC15DQpzdWRvIGFwdCBpbnN0YWxsIGFwYWNoZTIgLXkNCnN1ZG8gZWNobyAiV2VsY29tZSB0byB0ZXN0IC0gV2ViVk0gQXBwMSAtIFZNIEhvc3RuYW1lOiAkKGhvc3RuYW1lKSIgPiAvdmFyL3d3dy9odG1sL2luZGV4Lmh0bWwNCg==",
            "dedicated_host_group_id": "",
            "dedicated_host_id": "",
            "disable_password_authentication": false,
            "edge_zone": "",
            "encryption_at_host_enabled": false,
            "eviction_policy": "",
            "extensions_time_budget": "PT1H30M",
            "id": "/subscriptions/96b933ba-3ac8-4a40-99cd-89bd68a4e6d6/resourceGroups/sap-dev-rg-default-knfsio/providers/Microsoft.Compute/virtualMachines/sap-dev-web-linuxvm-vm2",
            "identity": [],
            "license_type": "",
            "location": "eastus2",
            "max_bid_price": -1,
            "name": "sap-dev-web-linuxvm-vm2",
            "network_interface_ids": [
              "/subscriptions/96b933ba-3ac8-4a40-99cd-89bd68a4e6d6/resourceGroups/sap-dev-rg-default-knfsio/providers/Microsoft.Network/networkInterfaces/sap-dev-web-linuxvm-nic-vm2"
            ],
            "os_disk": [
              {
                "caching": "ReadWrite",
                "diff_disk_settings": [],
                "disk_encryption_set_id": "",
                "disk_size_gb": 30,
                "name": "sap-dev-web-linuxvm-vm2_disk1_ed2808a3ac644250a388e4279306d616",
                "storage_account_type": "Standard_LRS",
                "write_accelerator_enabled": false
              }
            ],
            "patch_mode": "ImageDefault",
            "plan": [],
            "platform_fault_domain": -1,
            "priority": "Regular",
            "private_ip_address": "10.0.1.4",
            "private_ip_addresses": [
              "10.0.1.4"
            ],
            "provision_vm_agent": true,
            "proximity_placement_group_id": "",
            "public_ip_address": "",
            "public_ip_addresses": [],
            "resource_group_name": "sap-dev-rg-default-knfsio",
            "secret": [],
            "secure_boot_enabled": false,
            "size": "Standard_DS1_v2",
            "source_image_id": "",
            "source_image_reference": [
              {
                "offer": "0001-com-ubuntu-server-focal",
                "publisher": "Canonical",
                "sku": "20_04-lts",
                "version": "latest"
              }
            ],
            "tags": null,
            "termination_notification": null,
            "timeouts": null,
            "user_data": "",
            "virtual_machine_id": "6f5c7d33-dc1f-4f55-851f-0190c7732067",
            "virtual_machine_scale_set_id": "",
            "vtpm_enabled": false,
            "zone": ""
          },
          "sensitive_attributes": [
            [
              {
                "type": "get_attr",
                "value": "admin_password"
              }
            ]
          ],
          "private": "eyJlMmJmYjczMC1lY2FhLTExZTYtOGY4OC0zNDM2M2JjN2M0YzAiOnsiY3JlYXRlIjoyNzAwMDAwMDAwMDAwLCJkZWxldGUiOjI3MDAwMDAwMDAwMDAsInJlYWQiOjMwMDAwMDAwMDAwMCwidXBkYXRlIjoyNzAwMDAwMDAwMDAwfX0=",
          "dependencies": [
            "azurerm_network_interface.web_linux_nic",
            "azurerm_resource_group.myrg1",
            "azurerm_subnet.websubnet",
            "azurerm_virtual_network.vnet",
            "random_string.myrandom"
          ]
        }
      ]
    },
    {
      "mode": "managed",
      "type": "azurerm_network_interface",
      "name": "web_linux_nic",
      "provider": "provider[\"registry.terraform.io/hashicorp/azurerm\"]",
      "instances": [
        {
          "index_key": "vm1",
          "schema_version": 0,
          "attributes": {
            "applied_dns_servers": [],
            "dns_servers": [],
            "edge_zone": "",
            "enable_accelerated_networking": false,
            "enable_ip_forwarding": false,
            "id": "/subscriptions/96b933ba-3ac8-4a40-99cd-89bd68a4e6d6/resourceGroups/sap-dev-rg-default-knfsio/providers/Microsoft.Network/networkInterfaces/sap-dev-web-linuxvm-nic-vm1",
            "internal_dns_name_label": "",
            "internal_domain_name_suffix": "emmgly2xinjunjwbbr2ynvkkmh.cx.internal.cloudapp.net",
            "ip_configuration": [
              {
                "gateway_load_balancer_frontend_ip_configuration_id": "",
                "name": "web-linuxip-1",
                "primary": true,
                "private_ip_address": "10.0.1.5",
                "private_ip_address_allocation": "Dynamic",
                "private_ip_address_version": "IPv4",
                "public_ip_address_id": "",
                "subnet_id": "/subscriptions/96b933ba-3ac8-4a40-99cd-89bd68a4e6d6/resourceGroups/sap-dev-rg-default-knfsio/providers/Microsoft.Network/virtualNetworks/sap-dev-vnet-default/subnets/sap-dev-websubnet"
              }
            ],
            "location": "eastus2",
            "mac_address": "",
            "name": "sap-dev-web-linuxvm-nic-vm1",
            "private_ip_address": "10.0.1.5",
            "private_ip_addresses": [
              "10.0.1.5"
            ],
            "resource_group_name": "sap-dev-rg-default-knfsio",
            "tags": null,
            "timeouts": null,
            "virtual_machine_id": ""
          },
          "sensitive_attributes": [],
          "private": "eyJlMmJmYjczMC1lY2FhLTExZTYtOGY4OC0zNDM2M2JjN2M0YzAiOnsiY3JlYXRlIjoxODAwMDAwMDAwMDAwLCJkZWxldGUiOjE4MDAwMDAwMDAwMDAsInJlYWQiOjMwMDAwMDAwMDAwMCwidXBkYXRlIjoxODAwMDAwMDAwMDAwfX0=",
          "dependencies": [
            "azurerm_resource_group.myrg1",
            "azurerm_subnet.websubnet",
            "azurerm_virtual_network.vnet",
            "random_string.myrandom"
          ]
        },
        {
          "index_key": "vm2",
          "schema_version": 0,
          "attributes": {
            "applied_dns_servers": [],
            "dns_servers": [],
            "edge_zone": "",
            "enable_accelerated_networking": false,
            "enable_ip_forwarding": false,
            "id": "/subscriptions/96b933ba-3ac8-4a40-99cd-89bd68a4e6d6/resourceGroups/sap-dev-rg-default-knfsio/providers/Microsoft.Network/networkInterfaces/sap-dev-web-linuxvm-nic-vm2",
            "internal_dns_name_label": "",
            "internal_domain_name_suffix": "emmgly2xinjunjwbbr2ynvkkmh.cx.internal.cloudapp.net",
            "ip_configuration": [
              {
                "gateway_load_balancer_frontend_ip_configuration_id": "",
                "name": "web-linuxip-1",
                "primary": true,
                "private_ip_address": "10.0.1.4",
                "private_ip_address_allocation": "Dynamic",
                "private_ip_address_version": "IPv4",
                "public_ip_address_id": "",
                "subnet_id": "/subscriptions/96b933ba-3ac8-4a40-99cd-89bd68a4e6d6/resourceGroups/sap-dev-rg-default-knfsio/providers/Microsoft.Network/virtualNetworks/sap-dev-vnet-default/subnets/sap-dev-websubnet"
              }
            ],
            "location": "eastus2",
            "mac_address": "",
            "name": "sap-dev-web-linuxvm-nic-vm2",
            "private_ip_address": "10.0.1.4",
            "private_ip_addresses": [
              "10.0.1.4"
            ],
            "resource_group_name": "sap-dev-rg-default-knfsio",
            "tags": null,
            "timeouts": null,
            "virtual_machine_id": ""
          },
          "sensitive_attributes": [],
          "private": "eyJlMmJmYjczMC1lY2FhLTExZTYtOGY4OC0zNDM2M2JjN2M0YzAiOnsiY3JlYXRlIjoxODAwMDAwMDAwMDAwLCJkZWxldGUiOjE4MDAwMDAwMDAwMDAsInJlYWQiOjMwMDAwMDAwMDAwMCwidXBkYXRlIjoxODAwMDAwMDAwMDAwfX0=",
          "dependencies": [
            "azurerm_resource_group.myrg1",
            "azurerm_subnet.websubnet",
            "azurerm_virtual_network.vnet",
            "random_string.myrandom"
          ]
        }
      ]
    },
    {
      "mode": "managed",
      "type": "azurerm_network_interface_backend_address_pool_association",
      "name": "web_nic_lb_associate",
      "provider": "provider[\"registry.terraform.io/hashicorp/azurerm\"]",
      "instances": [
        {
          "index_key": "vm1",
          "schema_version": 0,
          "attributes": {
            "backend_address_pool_id": "/subscriptions/96b933ba-3ac8-4a40-99cd-89bd68a4e6d6/resourceGroups/sap-dev-rg-default-knfsio/providers/Microsoft.Network/loadBalancers/sap-dev-web-lb/backendAddressPools/web-backend",
            "id": "/subscriptions/96b933ba-3ac8-4a40-99cd-89bd68a4e6d6/resourceGroups/sap-dev-rg-default-knfsio/providers/Microsoft.Network/networkInterfaces/sap-dev-web-linuxvm-nic-vm1/ipConfigurations/web-linuxip-1|/subscriptions/96b933ba-3ac8-4a40-99cd-89bd68a4e6d6/resourceGroups/sap-dev-rg-default-knfsio/providers/Microsoft.Network/loadBalancers/sap-dev-web-lb/backendAddressPools/web-backend",
            "ip_configuration_name": "web-linuxip-1",
            "network_interface_id": "/subscriptions/96b933ba-3ac8-4a40-99cd-89bd68a4e6d6/resourceGroups/sap-dev-rg-default-knfsio/providers/Microsoft.Network/networkInterfaces/sap-dev-web-linuxvm-nic-vm1",
            "timeouts": null
          },
          "sensitive_attributes": [],
          "private": "eyJlMmJmYjczMC1lY2FhLTExZTYtOGY4OC0zNDM2M2JjN2M0YzAiOnsiY3JlYXRlIjoxODAwMDAwMDAwMDAwLCJkZWxldGUiOjE4MDAwMDAwMDAwMDAsInJlYWQiOjMwMDAwMDAwMDAwMCwidXBkYXRlIjoxODAwMDAwMDAwMDAwfX0=",
          "dependencies": [
            "azurerm_lb.web_lb",
            "azurerm_lb_backend_address_pool.web_lb_backend_address_pool",
            "azurerm_network_interface.web_linux_nic",
            "azurerm_public_ip.web_lb_publicip",
            "azurerm_resource_group.myrg1",
            "azurerm_subnet.websubnet",
            "azurerm_virtual_network.vnet",
            "random_string.myrandom"
          ]
        },
        {
          "index_key": "vm2",
          "schema_version": 0,
          "attributes": {
            "backend_address_pool_id": "/subscriptions/96b933ba-3ac8-4a40-99cd-89bd68a4e6d6/resourceGroups/sap-dev-rg-default-knfsio/providers/Microsoft.Network/loadBalancers/sap-dev-web-lb/backendAddressPools/web-backend",
            "id": "/subscriptions/96b933ba-3ac8-4a40-99cd-89bd68a4e6d6/resourceGroups/sap-dev-rg-default-knfsio/providers/Microsoft.Network/networkInterfaces/sap-dev-web-linuxvm-nic-vm2/ipConfigurations/web-linuxip-1|/subscriptions/96b933ba-3ac8-4a40-99cd-89bd68a4e6d6/resourceGroups/sap-dev-rg-default-knfsio/providers/Microsoft.Network/loadBalancers/sap-dev-web-lb/backendAddressPools/web-backend",
            "ip_configuration_name": "web-linuxip-1",
            "network_interface_id": "/subscriptions/96b933ba-3ac8-4a40-99cd-89bd68a4e6d6/resourceGroups/sap-dev-rg-default-knfsio/providers/Microsoft.Network/networkInterfaces/sap-dev-web-linuxvm-nic-vm2",
            "timeouts": null
          },
          "sensitive_attributes": [],
          "private": "eyJlMmJmYjczMC1lY2FhLTExZTYtOGY4OC0zNDM2M2JjN2M0YzAiOnsiY3JlYXRlIjoxODAwMDAwMDAwMDAwLCJkZWxldGUiOjE4MDAwMDAwMDAwMDAsInJlYWQiOjMwMDAwMDAwMDAwMCwidXBkYXRlIjoxODAwMDAwMDAwMDAwfX0=",
          "dependencies": [
            "azurerm_lb.web_lb",
            "azurerm_lb_backend_address_pool.web_lb_backend_address_pool",
            "azurerm_network_interface.web_linux_nic",
            "azurerm_public_ip.web_lb_publicip",
            "azurerm_resource_group.myrg1",
            "azurerm_subnet.websubnet",
            "azurerm_virtual_network.vnet",
            "random_string.myrandom"
          ]
        }
      ]
    },
    {
      "mode": "managed",
      "type": "azurerm_network_security_group",
      "name": "bastion_subnet_nsg",
      "provider": "provider[\"registry.terraform.io/hashicorp/azurerm\"]",
      "instances": [
        {
          "schema_version": 0,
          "attributes": {
            "id": "/subscriptions/96b933ba-3ac8-4a40-99cd-89bd68a4e6d6/resourceGroups/sap-dev-rg-default-knfsio/providers/Microsoft.Network/networkSecurityGroups/sap-dev-bastionsubnet-sg",
            "location": "eastus2",
            "name": "sap-dev-bastionsubnet-sg",
            "resource_group_name": "sap-dev-rg-default-knfsio",
            "security_rule": [],
            "tags": null,
            "timeouts": null
          },
          "sensitive_attributes": [],
          "private": "eyJlMmJmYjczMC1lY2FhLTExZTYtOGY4OC0zNDM2M2JjN2M0YzAiOnsiY3JlYXRlIjoxODAwMDAwMDAwMDAwLCJkZWxldGUiOjE4MDAwMDAwMDAwMDAsInJlYWQiOjMwMDAwMDAwMDAwMCwidXBkYXRlIjoxODAwMDAwMDAwMDAwfX0=",
          "dependencies": [
            "azurerm_resource_group.myrg1",
            "azurerm_subnet.bastionsubnet",
            "azurerm_virtual_network.vnet",
            "random_string.myrandom"
          ]
        }
      ]
    },
    {
      "mode": "managed",
      "type": "azurerm_network_security_group",
      "name": "web_subnet_nsg",
      "provider": "provider[\"registry.terraform.io/hashicorp/azurerm\"]",
      "instances": [
        {
          "schema_version": 0,
          "attributes": {
            "id": "/subscriptions/96b933ba-3ac8-4a40-99cd-89bd68a4e6d6/resourceGroups/sap-dev-rg-default-knfsio/providers/Microsoft.Network/networkSecurityGroups/sap-dev-websubnet-sg",
            "location": "eastus2",
            "name": "sap-dev-websubnet-sg",
            "resource_group_name": "sap-dev-rg-default-knfsio",
            "security_rule": [],
            "tags": null,
            "timeouts": null
          },
          "sensitive_attributes": [],
          "private": "eyJlMmJmYjczMC1lY2FhLTExZTYtOGY4OC0zNDM2M2JjN2M0YzAiOnsiY3JlYXRlIjoxODAwMDAwMDAwMDAwLCJkZWxldGUiOjE4MDAwMDAwMDAwMDAsInJlYWQiOjMwMDAwMDAwMDAwMCwidXBkYXRlIjoxODAwMDAwMDAwMDAwfX0=",
          "dependencies": [
            "azurerm_resource_group.myrg1",
            "azurerm_subnet.websubnet",
            "azurerm_virtual_network.vnet",
            "random_string.myrandom"
          ]
        }
      ]
    },
    {
      "mode": "managed",
      "type": "azurerm_network_security_rule",
      "name": "bastion_subnet_nsg_rule",
      "provider": "provider[\"registry.terraform.io/hashicorp/azurerm\"]",
      "instances": [
        {
          "index_key": "110",
          "schema_version": 0,
          "attributes": {
            "access": "Allow",
            "description": "",
            "destination_address_prefix": "*",
            "destination_address_prefixes": null,
            "destination_application_security_group_ids": null,
            "destination_port_range": "22",
            "destination_port_ranges": null,
            "direction": "Inbound",
            "id": "/subscriptions/96b933ba-3ac8-4a40-99cd-89bd68a4e6d6/resourceGroups/sap-dev-rg-default-knfsio/providers/Microsoft.Network/networkSecurityGroups/sap-dev-bastionsubnet-sg/securityRules/Rule-Port-22",
            "name": "Rule-Port-22",
            "network_security_group_name": "sap-dev-bastionsubnet-sg",
            "priority": 110,
            "protocol": "Tcp",
            "resource_group_name": "sap-dev-rg-default-knfsio",
            "source_address_prefix": "*",
            "source_address_prefixes": null,
            "source_application_security_group_ids": null,
            "source_port_range": "*",
            "source_port_ranges": null,
            "timeouts": null
          },
          "sensitive_attributes": [],
          "private": "eyJlMmJmYjczMC1lY2FhLTExZTYtOGY4OC0zNDM2M2JjN2M0YzAiOnsiY3JlYXRlIjoxODAwMDAwMDAwMDAwLCJkZWxldGUiOjE4MDAwMDAwMDAwMDAsInJlYWQiOjMwMDAwMDAwMDAwMCwidXBkYXRlIjoxODAwMDAwMDAwMDAwfX0=",
          "dependencies": [
            "azurerm_network_security_group.bastion_subnet_nsg",
            "azurerm_resource_group.myrg1",
            "azurerm_subnet.bastionsubnet",
            "azurerm_virtual_network.vnet",
            "random_string.myrandom"
          ]
        },
        {
          "index_key": "120",
          "schema_version": 0,
          "attributes": {
            "access": "Allow",
            "description": "",
            "destination_address_prefix": "*",
            "destination_address_prefixes": null,
            "destination_application_security_group_ids": null,
            "destination_port_range": "3389",
            "destination_port_ranges": null,
            "direction": "Inbound",
            "id": "/subscriptions/96b933ba-3ac8-4a40-99cd-89bd68a4e6d6/resourceGroups/sap-dev-rg-default-knfsio/providers/Microsoft.Network/networkSecurityGroups/sap-dev-bastionsubnet-sg/securityRules/Rule-Port-3389",
            "name": "Rule-Port-3389",
            "network_security_group_name": "sap-dev-bastionsubnet-sg",
            "priority": 120,
            "protocol": "Tcp",
            "resource_group_name": "sap-dev-rg-default-knfsio",
            "source_address_prefix": "*",
            "source_address_prefixes": null,
            "source_application_security_group_ids": null,
            "source_port_range": "*",
            "source_port_ranges": null,
            "timeouts": null
          },
          "sensitive_attributes": [],
          "private": "eyJlMmJmYjczMC1lY2FhLTExZTYtOGY4OC0zNDM2M2JjN2M0YzAiOnsiY3JlYXRlIjoxODAwMDAwMDAwMDAwLCJkZWxldGUiOjE4MDAwMDAwMDAwMDAsInJlYWQiOjMwMDAwMDAwMDAwMCwidXBkYXRlIjoxODAwMDAwMDAwMDAwfX0=",
          "dependencies": [
            "azurerm_network_security_group.bastion_subnet_nsg",
            "azurerm_resource_group.myrg1",
            "azurerm_subnet.bastionsubnet",
            "azurerm_virtual_network.vnet",
            "random_string.myrandom"
          ]
        }
      ]
    },
    {
      "mode": "managed",
      "type": "azurerm_network_security_rule",
      "name": "web_subnet_nsg_rule",
      "provider": "provider[\"registry.terraform.io/hashicorp/azurerm\"]",
      "instances": [
        {
          "index_key": "110",
          "schema_version": 0,
          "attributes": {
            "access": "Allow",
            "description": "",
            "destination_address_prefix": "*",
            "destination_address_prefixes": null,
            "destination_application_security_group_ids": null,
            "destination_port_range": "80",
            "destination_port_ranges": null,
            "direction": "Inbound",
            "id": "/subscriptions/96b933ba-3ac8-4a40-99cd-89bd68a4e6d6/resourceGroups/sap-dev-rg-default-knfsio/providers/Microsoft.Network/networkSecurityGroups/sap-dev-websubnet-sg/securityRules/Rule-Port-80",
            "name": "Rule-Port-80",
            "network_security_group_name": "sap-dev-websubnet-sg",
            "priority": 110,
            "protocol": "Tcp",
            "resource_group_name": "sap-dev-rg-default-knfsio",
            "source_address_prefix": "*",
            "source_address_prefixes": null,
            "source_application_security_group_ids": null,
            "source_port_range": "*",
            "source_port_ranges": null,
            "timeouts": null
          },
          "sensitive_attributes": [],
          "private": "eyJlMmJmYjczMC1lY2FhLTExZTYtOGY4OC0zNDM2M2JjN2M0YzAiOnsiY3JlYXRlIjoxODAwMDAwMDAwMDAwLCJkZWxldGUiOjE4MDAwMDAwMDAwMDAsInJlYWQiOjMwMDAwMDAwMDAwMCwidXBkYXRlIjoxODAwMDAwMDAwMDAwfX0=",
          "dependencies": [
            "azurerm_network_security_group.web_subnet_nsg",
            "azurerm_resource_group.myrg1",
            "azurerm_subnet.websubnet",
            "azurerm_virtual_network.vnet",
            "random_string.myrandom"
          ]
        },
        {
          "index_key": "120",
          "schema_version": 0,
          "attributes": {
            "access": "Allow",
            "description": "",
            "destination_address_prefix": "*",
            "destination_address_prefixes": null,
            "destination_application_security_group_ids": null,
            "destination_port_range": "443",
            "destination_port_ranges": null,
            "direction": "Inbound",
            "id": "/subscriptions/96b933ba-3ac8-4a40-99cd-89bd68a4e6d6/resourceGroups/sap-dev-rg-default-knfsio/providers/Microsoft.Network/networkSecurityGroups/sap-dev-websubnet-sg/securityRules/Rule-Port-443",
            "name": "Rule-Port-443",
            "network_security_group_name": "sap-dev-websubnet-sg",
            "priority": 120,
            "protocol": "Tcp",
            "resource_group_name": "sap-dev-rg-default-knfsio",
            "source_address_prefix": "*",
            "source_address_prefixes": null,
            "source_application_security_group_ids": null,
            "source_port_range": "*",
            "source_port_ranges": null,
            "timeouts": null
          },
          "sensitive_attributes": [],
          "private": "eyJlMmJmYjczMC1lY2FhLTExZTYtOGY4OC0zNDM2M2JjN2M0YzAiOnsiY3JlYXRlIjoxODAwMDAwMDAwMDAwLCJkZWxldGUiOjE4MDAwMDAwMDAwMDAsInJlYWQiOjMwMDAwMDAwMDAwMCwidXBkYXRlIjoxODAwMDAwMDAwMDAwfX0=",
          "dependencies": [
            "azurerm_network_security_group.web_subnet_nsg",
            "azurerm_resource_group.myrg1",
            "azurerm_subnet.websubnet",
            "azurerm_virtual_network.vnet",
            "random_string.myrandom"
          ]
        },
        {
          "index_key": "130",
          "schema_version": 0,
          "attributes": {
            "access": "Allow",
            "description": "",
            "destination_address_prefix": "*",
            "destination_address_prefixes": null,
            "destination_application_security_group_ids": null,
            "destination_port_range": "22",
            "destination_port_ranges": null,
            "direction": "Inbound",
            "id": "/subscriptions/96b933ba-3ac8-4a40-99cd-89bd68a4e6d6/resourceGroups/sap-dev-rg-default-knfsio/providers/Microsoft.Network/networkSecurityGroups/sap-dev-websubnet-sg/securityRules/Rule-Port-22",
            "name": "Rule-Port-22",
            "network_security_group_name": "sap-dev-websubnet-sg",
            "priority": 130,
            "protocol": "Tcp",
            "resource_group_name": "sap-dev-rg-default-knfsio",
            "source_address_prefix": "*",
            "source_address_prefixes": null,
            "source_application_security_group_ids": null,
            "source_port_range": "*",
            "source_port_ranges": null,
            "timeouts": null
          },
          "sensitive_attributes": [],
          "private": "eyJlMmJmYjczMC1lY2FhLTExZTYtOGY4OC0zNDM2M2JjN2M0YzAiOnsiY3JlYXRlIjoxODAwMDAwMDAwMDAwLCJkZWxldGUiOjE4MDAwMDAwMDAwMDAsInJlYWQiOjMwMDAwMDAwMDAwMCwidXBkYXRlIjoxODAwMDAwMDAwMDAwfX0=",
          "dependencies": [
            "azurerm_network_security_group.web_subnet_nsg",
            "azurerm_resource_group.myrg1",
            "azurerm_subnet.websubnet",
            "azurerm_virtual_network.vnet",
            "random_string.myrandom"
          ]
        }
      ]
    },
    {
      "mode": "managed",
      "type": "azurerm_public_ip",
      "name": "web_lb_publicip",
      "provider": "provider[\"registry.terraform.io/hashicorp/azurerm\"]",
      "instances": [
        {
          "schema_version": 0,
          "attributes": {
            "allocation_method": "Static",
            "domain_name_label": null,
            "edge_zone": "",
            "fqdn": null,
            "id": "/subscriptions/96b933ba-3ac8-4a40-99cd-89bd68a4e6d6/resourceGroups/sap-dev-rg-default-knfsio/providers/Microsoft.Network/publicIPAddresses/sap-dev-lb-publicip",
            "idle_timeout_in_minutes": 4,
            "ip_address": "20.22.214.98",
            "ip_tags": null,
            "ip_version": "IPv4",
            "location": "eastus2",
            "name": "sap-dev-lb-publicip",
            "public_ip_prefix_id": null,
            "resource_group_name": "sap-dev-rg-default-knfsio",
            "reverse_fqdn": null,
            "sku": "Standard",
            "sku_tier": "Regional",
            "tags": {
              "environment": "dev",
              "owners": "sap"
            },
            "timeouts": null,
            "zones": null
          },
          "sensitive_attributes": [],
          "private": "eyJlMmJmYjczMC1lY2FhLTExZTYtOGY4OC0zNDM2M2JjN2M0YzAiOnsiY3JlYXRlIjoxODAwMDAwMDAwMDAwLCJkZWxldGUiOjE4MDAwMDAwMDAwMDAsInJlYWQiOjMwMDAwMDAwMDAwMCwidXBkYXRlIjoxODAwMDAwMDAwMDAwfX0=",
          "dependencies": [
            "azurerm_resource_group.myrg1",
            "random_string.myrandom"
          ]
        }
      ]
    },
    {
      "mode": "managed",
      "type": "azurerm_resource_group",
      "name": "myrg1",
      "provider": "provider[\"registry.terraform.io/hashicorp/azurerm\"]",
      "instances": [
        {
          "schema_version": 0,
          "attributes": {
            "id": "/subscriptions/96b933ba-3ac8-4a40-99cd-89bd68a4e6d6/resourceGroups/sap-dev-rg-default-knfsio",
            "location": "eastus2",
            "name": "sap-dev-rg-default-knfsio",
            "tags": null,
            "timeouts": null
          },
          "sensitive_attributes": [],
          "private": "eyJlMmJmYjczMC1lY2FhLTExZTYtOGY4OC0zNDM2M2JjN2M0YzAiOnsiY3JlYXRlIjo1NDAwMDAwMDAwMDAwLCJkZWxldGUiOjU0MDAwMDAwMDAwMDAsInJlYWQiOjMwMDAwMDAwMDAwMCwidXBkYXRlIjo1NDAwMDAwMDAwMDAwfX0=",
          "dependencies": [
            "random_string.myrandom"
          ]
        }
      ]
    },
    {
      "mode": "managed",
      "type": "azurerm_subnet",
      "name": "bastionsubnet",
      "provider": "provider[\"registry.terraform.io/hashicorp/azurerm\"]",
      "instances": [
        {
          "schema_version": 0,
          "attributes": {
            "address_prefixes": [
              "10.0.2.0/24"
            ],
            "delegation": [],
            "enforce_private_link_endpoint_network_policies": false,
            "enforce_private_link_service_network_policies": false,
            "id": "/subscriptions/96b933ba-3ac8-4a40-99cd-89bd68a4e6d6/resourceGroups/sap-dev-rg-default-knfsio/providers/Microsoft.Network/virtualNetworks/sap-dev-vnet-default/subnets/sap-dev-bastionsubnet",
            "name": "sap-dev-bastionsubnet",
            "resource_group_name": "sap-dev-rg-default-knfsio",
            "service_endpoint_policy_ids": null,
            "service_endpoints": null,
            "timeouts": null,
            "virtual_network_name": "sap-dev-vnet-default"
          },
          "sensitive_attributes": [],
          "private": "eyJlMmJmYjczMC1lY2FhLTExZTYtOGY4OC0zNDM2M2JjN2M0YzAiOnsiY3JlYXRlIjoxODAwMDAwMDAwMDAwLCJkZWxldGUiOjE4MDAwMDAwMDAwMDAsInJlYWQiOjMwMDAwMDAwMDAwMCwidXBkYXRlIjoxODAwMDAwMDAwMDAwfX0=",
          "dependencies": [
            "azurerm_resource_group.myrg1",
            "azurerm_virtual_network.vnet",
            "random_string.myrandom"
          ]
        }
      ]
    },
    {
      "mode": "managed",
      "type": "azurerm_subnet",
      "name": "websubnet",
      "provider": "provider[\"registry.terraform.io/hashicorp/azurerm\"]",
      "instances": [
        {
          "schema_version": 0,
          "attributes": {
            "address_prefixes": [
              "10.0.1.0/24"
            ],
            "delegation": [],
            "enforce_private_link_endpoint_network_policies": false,
            "enforce_private_link_service_network_policies": false,
            "id": "/subscriptions/96b933ba-3ac8-4a40-99cd-89bd68a4e6d6/resourceGroups/sap-dev-rg-default-knfsio/providers/Microsoft.Network/virtualNetworks/sap-dev-vnet-default/subnets/sap-dev-websubnet",
            "name": "sap-dev-websubnet",
            "resource_group_name": "sap-dev-rg-default-knfsio",
            "service_endpoint_policy_ids": null,
            "service_endpoints": null,
            "timeouts": null,
            "virtual_network_name": "sap-dev-vnet-default"
          },
          "sensitive_attributes": [],
          "private": "eyJlMmJmYjczMC1lY2FhLTExZTYtOGY4OC0zNDM2M2JjN2M0YzAiOnsiY3JlYXRlIjoxODAwMDAwMDAwMDAwLCJkZWxldGUiOjE4MDAwMDAwMDAwMDAsInJlYWQiOjMwMDAwMDAwMDAwMCwidXBkYXRlIjoxODAwMDAwMDAwMDAwfX0=",
          "dependencies": [
            "azurerm_resource_group.myrg1",
            "azurerm_virtual_network.vnet",
            "random_string.myrandom"
          ]
        }
      ]
    },
    {
      "mode": "managed",
      "type": "azurerm_subnet_network_security_group_association",
      "name": "bastion_subnet_nsg_associate",
      "provider": "provider[\"registry.terraform.io/hashicorp/azurerm\"]",
      "instances": [
        {
          "schema_version": 0,
          "attributes": {
            "id": "/subscriptions/96b933ba-3ac8-4a40-99cd-89bd68a4e6d6/resourceGroups/sap-dev-rg-default-knfsio/providers/Microsoft.Network/virtualNetworks/sap-dev-vnet-default/subnets/sap-dev-bastionsubnet",
            "network_security_group_id": "/subscriptions/96b933ba-3ac8-4a40-99cd-89bd68a4e6d6/resourceGroups/sap-dev-rg-default-knfsio/providers/Microsoft.Network/networkSecurityGroups/sap-dev-bastionsubnet-sg",
            "subnet_id": "/subscriptions/96b933ba-3ac8-4a40-99cd-89bd68a4e6d6/resourceGroups/sap-dev-rg-default-knfsio/providers/Microsoft.Network/virtualNetworks/sap-dev-vnet-default/subnets/sap-dev-bastionsubnet",
            "timeouts": null
          },
          "sensitive_attributes": [],
          "private": "eyJlMmJmYjczMC1lY2FhLTExZTYtOGY4OC0zNDM2M2JjN2M0YzAiOnsiY3JlYXRlIjoxODAwMDAwMDAwMDAwLCJkZWxldGUiOjE4MDAwMDAwMDAwMDAsInJlYWQiOjMwMDAwMDAwMDAwMCwidXBkYXRlIjoxODAwMDAwMDAwMDAwfX0=",
          "dependencies": [
            "azurerm_network_security_group.bastion_subnet_nsg",
            "azurerm_network_security_rule.bastion_subnet_nsg_rule",
            "azurerm_resource_group.myrg1",
            "azurerm_subnet.bastionsubnet",
            "azurerm_virtual_network.vnet",
            "random_string.myrandom"
          ]
        }
      ]
    },
    {
      "mode": "managed",
      "type": "azurerm_subnet_network_security_group_association",
      "name": "web_subnet_nsg_associate",
      "provider": "provider[\"registry.terraform.io/hashicorp/azurerm\"]",
      "instances": [
        {
          "schema_version": 0,
          "attributes": {
            "id": "/subscriptions/96b933ba-3ac8-4a40-99cd-89bd68a4e6d6/resourceGroups/sap-dev-rg-default-knfsio/providers/Microsoft.Network/virtualNetworks/sap-dev-vnet-default/subnets/sap-dev-websubnet",
            "network_security_group_id": "/subscriptions/96b933ba-3ac8-4a40-99cd-89bd68a4e6d6/resourceGroups/sap-dev-rg-default-knfsio/providers/Microsoft.Network/networkSecurityGroups/sap-dev-websubnet-sg",
            "subnet_id": "/subscriptions/96b933ba-3ac8-4a40-99cd-89bd68a4e6d6/resourceGroups/sap-dev-rg-default-knfsio/providers/Microsoft.Network/virtualNetworks/sap-dev-vnet-default/subnets/sap-dev-websubnet",
            "timeouts": null
          },
          "sensitive_attributes": [],
          "private": "eyJlMmJmYjczMC1lY2FhLTExZTYtOGY4OC0zNDM2M2JjN2M0YzAiOnsiY3JlYXRlIjoxODAwMDAwMDAwMDAwLCJkZWxldGUiOjE4MDAwMDAwMDAwMDAsInJlYWQiOjMwMDAwMDAwMDAwMCwidXBkYXRlIjoxODAwMDAwMDAwMDAwfX0=",
          "dependencies": [
            "azurerm_network_security_group.web_subnet_nsg",
            "azurerm_network_security_rule.web_subnet_nsg_rule",
            "azurerm_resource_group.myrg1",
            "azurerm_subnet.websubnet",
            "azurerm_virtual_network.vnet",
            "random_string.myrandom"
          ]
        }
      ]
    },
    {
      "mode": "managed",
      "type": "azurerm_virtual_network",
      "name": "vnet",
      "provider": "provider[\"registry.terraform.io/hashicorp/azurerm\"]",
      "instances": [
        {
          "schema_version": 0,
          "attributes": {
            "address_space": [
              "10.0.0.0/16"
            ],
            "bgp_community": "",
            "ddos_protection_plan": [],
            "dns_servers": [],
            "edge_zone": "",
            "flow_timeout_in_minutes": 0,
            "guid": "e3651823-4397-4653-a6c1-0c7986d54a67",
            "id": "/subscriptions/96b933ba-3ac8-4a40-99cd-89bd68a4e6d6/resourceGroups/sap-dev-rg-default-knfsio/providers/Microsoft.Network/virtualNetworks/sap-dev-vnet-default",
            "location": "eastus2",
            "name": "sap-dev-vnet-default",
            "resource_group_name": "sap-dev-rg-default-knfsio",
            "subnet": [],
            "tags": {
              "environment": "dev",
              "owners": "sap"
            },
            "timeouts": null
          },
          "sensitive_attributes": [],
          "private": "eyJlMmJmYjczMC1lY2FhLTExZTYtOGY4OC0zNDM2M2JjN2M0YzAiOnsiY3JlYXRlIjoxODAwMDAwMDAwMDAwLCJkZWxldGUiOjE4MDAwMDAwMDAwMDAsInJlYWQiOjMwMDAwMDAwMDAwMCwidXBkYXRlIjoxODAwMDAwMDAwMDAwfX0=",
          "dependencies": [
            "azurerm_resource_group.myrg1",
            "random_string.myrandom"
          ]
        }
      ]
    },
    {
      "mode": "managed",
      "type": "random_string",
      "name": "myrandom",
      "provider": "provider[\"registry.terraform.io/hashicorp/random\"]",
      "instances": [
        {
          "schema_version": 2,
          "attributes": {
            "id": "knfsio",
            "keepers": null,
            "length": 6,
            "lower": true,
            "min_lower": 0,
            "min_numeric": 0,
            "min_special": 0,
            "min_upper": 0,
            "number": false,
            "numeric": false,
            "override_special": null,
            "result": "knfsio",
            "special": false,
            "upper": false
          },
          "sensitive_attributes": []
        }
      ]
    }
  ],
  "check_results": null
}
