{
  "version": 4,
  "terraform_version": "1.5.6",
  "serial": 161,
  "lineage": "f08462ba-82e6-a10e-2c88-1c5a6812c841",
  "outputs": {
    "virtual_network_name": {
      "value": "sap-dev-vnet-default",
      "type": "string"
    },
    "web_linuxvm_public_ip": {
      "value": [
        "",
        ""
      ],
      "type": [
        "tuple",
        [
          "string",
          "string"
        ]
      ]
    },
    "web_subnet_name_name": {
      "value": "sap-dev-websubnet",
      "type": "string"
    }
  },
  "resources": [
    {
      "mode": "managed",
      "type": "azurerm_bastion_host",
      "name": "bastion_host",
      "provider": "provider[\"registry.terraform.io/hashicorp/azurerm\"]",
      "instances": [
        {
          "schema_version": 0,
          "attributes": {
            "copy_paste_enabled": true,
            "dns_name": "bst-875d3f3a-adb9-42bd-931b-df2b36a2c72e.bastion.azure.com",
            "file_copy_enabled": false,
            "id": "/subscriptions/96b933ba-3ac8-4a40-99cd-89bd68a4e6d6/resourceGroups/sap-dev-rg-default/providers/Microsoft.Network/bastionHosts/sap-dev-bastion-service",
            "ip_configuration": [
              {
                "name": "configure",
                "public_ip_address_id": "/subscriptions/96b933ba-3ac8-4a40-99cd-89bd68a4e6d6/resourceGroups/sap-dev-rg-default/providers/Microsoft.Network/publicIPAddresses/sap-dev-bastion-service-publicip",
                "subnet_id": "/subscriptions/96b933ba-3ac8-4a40-99cd-89bd68a4e6d6/resourceGroups/sap-dev-rg-default/providers/Microsoft.Network/virtualNetworks/sap-dev-vnet-default/subnets/AzureBastionSubnet"
              }
            ],
            "ip_connect_enabled": false,
            "location": "eastus2",
            "name": "sap-dev-bastion-service",
            "resource_group_name": "sap-dev-rg-default",
            "scale_units": 2,
            "shareable_link_enabled": false,
            "sku": "Basic",
            "tags": null,
            "timeouts": null,
            "tunneling_enabled": false
          },
          "sensitive_attributes": [],
          "private": "eyJlMmJmYjczMC1lY2FhLTExZTYtOGY4OC0zNDM2M2JjN2M0YzAiOnsiY3JlYXRlIjoxODAwMDAwMDAwMDAwLCJkZWxldGUiOjE4MDAwMDAwMDAwMDAsInJlYWQiOjMwMDAwMDAwMDAwMCwidXBkYXRlIjoxODAwMDAwMDAwMDAwfX0=",
          "dependencies": [
            "azurerm_public_ip.bastion_service_publicip",
            "azurerm_resource_group.myrg1",
            "azurerm_subnet.bastion_service_subnet",
            "azurerm_virtual_network.vnet"
          ]
        }
      ]
    },
    {
      "mode": "managed",
      "type": "azurerm_linux_virtual_machine",
      "name": "bastion_linux_vm",
      "provider": "provider[\"registry.terraform.io/hashicorp/azurerm\"]",
      "instances": [
        {
          "schema_version": 0,
          "attributes": {
            "additional_capabilities": [],
            "admin_password": "Admin@12345678",
            "admin_ssh_key": [],
            "admin_username": "azureuser",
            "allow_extension_operations": true,
            "availability_set_id": "",
            "boot_diagnostics": [],
            "computer_name": "sap-dev-bastion-linuxvm",
            "custom_data": null,
            "dedicated_host_group_id": "",
            "dedicated_host_id": "",
            "disable_password_authentication": false,
            "edge_zone": "",
            "encryption_at_host_enabled": false,
            "eviction_policy": "",
            "extensions_time_budget": "PT1H30M",
            "id": "/subscriptions/96b933ba-3ac8-4a40-99cd-89bd68a4e6d6/resourceGroups/sap-dev-rg-default/providers/Microsoft.Compute/virtualMachines/sap-dev-bastion-linuxvm",
            "identity": [],
            "license_type": "",
            "location": "eastus2",
            "max_bid_price": -1,
            "name": "sap-dev-bastion-linuxvm",
            "network_interface_ids": [
              "/subscriptions/96b933ba-3ac8-4a40-99cd-89bd68a4e6d6/resourceGroups/sap-dev-rg-default/providers/Microsoft.Network/networkInterfaces/sap-dev-web-bastion-host-linuxvm-nic"
            ],
            "os_disk": [
              {
                "caching": "ReadWrite",
                "diff_disk_settings": [],
                "disk_encryption_set_id": "",
                "disk_size_gb": 30,
                "name": "sap-dev-bastion-linuxvm_OsDisk_1_6a5e15e3d3e24ebf8a0e5f042582aedc",
                "storage_account_type": "Standard_LRS",
                "write_accelerator_enabled": false
              }
            ],
            "patch_mode": "ImageDefault",
            "plan": [],
            "platform_fault_domain": -1,
            "priority": "Regular",
            "private_ip_address": "10.0.2.4",
            "private_ip_addresses": [
              "10.0.2.4"
            ],
            "provision_vm_agent": true,
            "proximity_placement_group_id": "",
            "public_ip_address": "172.200.112.201",
            "public_ip_addresses": [
              "172.200.112.201"
            ],
            "resource_group_name": "sap-dev-rg-default",
            "secret": [],
            "secure_boot_enabled": false,
            "size": "Standard_DS1_v2",
            "source_image_id": "",
            "source_image_reference": [
              {
                "offer": "0001-com-ubuntu-server-focal",
                "publisher": "Canonical",
                "sku": "20_04-lts",
                "version": "latest"
              }
            ],
            "tags": null,
            "termination_notification": null,
            "timeouts": null,
            "user_data": "",
            "virtual_machine_id": "951efa66-b923-41c1-a725-f798643401dd",
            "virtual_machine_scale_set_id": "",
            "vtpm_enabled": false,
            "zone": ""
          },
          "sensitive_attributes": [
            [
              {
                "type": "get_attr",
                "value": "admin_password"
              }
            ]
          ],
          "private": "eyJlMmJmYjczMC1lY2FhLTExZTYtOGY4OC0zNDM2M2JjN2M0YzAiOnsiY3JlYXRlIjoyNzAwMDAwMDAwMDAwLCJkZWxldGUiOjI3MDAwMDAwMDAwMDAsInJlYWQiOjMwMDAwMDAwMDAwMCwidXBkYXRlIjoyNzAwMDAwMDAwMDAwfX0=",
          "dependencies": [
            "azurerm_network_interface.bastion_host_linuxvm_nic",
            "azurerm_public_ip.bastion_host_publicip",
            "azurerm_resource_group.myrg1",
            "azurerm_subnet.bastionsubnet",
            "azurerm_virtual_network.vnet"
          ]
        }
      ]
    },
    {
      "mode": "managed",
      "type": "azurerm_linux_virtual_machine",
      "name": "web_linux_vm",
      "provider": "provider[\"registry.terraform.io/hashicorp/azurerm\"]",
      "instances": [
        {
          "index_key": "vm1",
          "schema_version": 0,
          "attributes": {
            "additional_capabilities": [],
            "admin_password": "Admin@12345678",
            "admin_ssh_key": [],
            "admin_username": "azureuser",
            "allow_extension_operations": true,
            "availability_set_id": "",
            "boot_diagnostics": [],
            "computer_name": "sap-dev-web-linuxvm-vm1",
            "custom_data": "IyEvYmluL3NoDQpzdWRvIGFwdC1nZXQgdXBkYXRlIC15DQpzdWRvIGFwdCBpbnN0YWxsIGFwYWNoZTIgLXkNCnN1ZG8gZWNobyAiV2VsY29tZSB0byB0ZXN0IC0gV2ViVk0gQXBwMSAtIFZNIEhvc3RuYW1lOiAkKGhvc3RuYW1lKSIgPiAvdmFyL3d3dy9odG1sL2luZGV4Lmh0bWwNCg==",
            "dedicated_host_group_id": "",
            "dedicated_host_id": "",
            "disable_password_authentication": false,
            "edge_zone": "",
            "encryption_at_host_enabled": false,
            "eviction_policy": "",
            "extensions_time_budget": "PT1H30M",
            "id": "/subscriptions/96b933ba-3ac8-4a40-99cd-89bd68a4e6d6/resourceGroups/sap-dev-rg-default/providers/Microsoft.Compute/virtualMachines/sap-dev-web-linuxvm-vm1",
            "identity": [],
            "license_type": "",
            "location": "eastus2",
            "max_bid_price": -1,
            "name": "sap-dev-web-linuxvm-vm1",
            "network_interface_ids": [
              "/subscriptions/96b933ba-3ac8-4a40-99cd-89bd68a4e6d6/resourceGroups/sap-dev-rg-default/providers/Microsoft.Network/networkInterfaces/sap-dev-web-linuxvm-nic-vm1"
            ],
            "os_disk": [
              {
                "caching": "ReadWrite",
                "diff_disk_settings": [],
                "disk_encryption_set_id": "",
                "disk_size_gb": 30,
                "name": "sap-dev-web-linuxvm-vm1_OsDisk_1_6d06b8fd361a436e9e4df0f1b17d3d67",
                "storage_account_type": "Standard_LRS",
                "write_accelerator_enabled": false
              }
            ],
            "patch_mode": "ImageDefault",
            "plan": [],
            "platform_fault_domain": -1,
            "priority": "Regular",
            "private_ip_address": "10.0.1.5",
            "private_ip_addresses": [
              "10.0.1.5"
            ],
            "provision_vm_agent": true,
            "proximity_placement_group_id": "",
            "public_ip_address": "",
            "public_ip_addresses": [],
            "resource_group_name": "sap-dev-rg-default",
            "secret": [],
            "secure_boot_enabled": false,
            "size": "Standard_DS1_v2",
            "source_image_id": "",
            "source_image_reference": [
              {
                "offer": "0001-com-ubuntu-server-focal",
                "publisher": "Canonical",
                "sku": "20_04-lts",
                "version": "latest"
              }
            ],
            "tags": null,
            "termination_notification": null,
            "timeouts": null,
            "user_data": "",
            "virtual_machine_id": "06ad7943-a9d9-49d8-ab92-70ce85490eba",
            "virtual_machine_scale_set_id": "",
            "vtpm_enabled": false,
            "zone": ""
          },
          "sensitive_attributes": [
            [
              {
                "type": "get_attr",
                "value": "admin_password"
              }
            ]
          ],
          "private": "eyJlMmJmYjczMC1lY2FhLTExZTYtOGY4OC0zNDM2M2JjN2M0YzAiOnsiY3JlYXRlIjoyNzAwMDAwMDAwMDAwLCJkZWxldGUiOjI3MDAwMDAwMDAwMDAsInJlYWQiOjMwMDAwMDAwMDAwMCwidXBkYXRlIjoyNzAwMDAwMDAwMDAwfX0=",
          "dependencies": [
            "azurerm_network_interface.web_linux_nic",
            "azurerm_resource_group.myrg1",
            "azurerm_subnet.websubnet",
            "azurerm_virtual_network.vnet"
          ]
        },
        {
          "index_key": "vm2",
          "schema_version": 0,
          "attributes": {
            "additional_capabilities": [],
            "admin_password": "Admin@12345678",
            "admin_ssh_key": [],
            "admin_username": "azureuser",
            "allow_extension_operations": true,
            "availability_set_id": "",
            "boot_diagnostics": [],
            "computer_name": "sap-dev-web-linuxvm-vm2",
            "custom_data": "IyEvYmluL3NoDQpzdWRvIGFwdC1nZXQgdXBkYXRlIC15DQpzdWRvIGFwdCBpbnN0YWxsIGFwYWNoZTIgLXkNCnN1ZG8gZWNobyAiV2VsY29tZSB0byB0ZXN0IC0gV2ViVk0gQXBwMSAtIFZNIEhvc3RuYW1lOiAkKGhvc3RuYW1lKSIgPiAvdmFyL3d3dy9odG1sL2luZGV4Lmh0bWwNCg==",
            "dedicated_host_group_id": "",
            "dedicated_host_id": "",
            "disable_password_authentication": false,
            "edge_zone": "",
            "encryption_at_host_enabled": false,
            "eviction_policy": "",
            "extensions_time_budget": "PT1H30M",
            "id": "/subscriptions/96b933ba-3ac8-4a40-99cd-89bd68a4e6d6/resourceGroups/sap-dev-rg-default/providers/Microsoft.Compute/virtualMachines/sap-dev-web-linuxvm-vm2",
            "identity": [],
            "license_type": "",
            "location": "eastus2",
            "max_bid_price": -1,
            "name": "sap-dev-web-linuxvm-vm2",
            "network_interface_ids": [
              "/subscriptions/96b933ba-3ac8-4a40-99cd-89bd68a4e6d6/resourceGroups/sap-dev-rg-default/providers/Microsoft.Network/networkInterfaces/sap-dev-web-linuxvm-nic-vm2"
            ],
            "os_disk": [
              {
                "caching": "ReadWrite",
                "diff_disk_settings": [],
                "disk_encryption_set_id": "",
                "disk_size_gb": 30,
                "name": "sap-dev-web-linuxvm-vm2_OsDisk_1_29376e4cb2cf42cc9f300c07c6275b3b",
                "storage_account_type": "Standard_LRS",
                "write_accelerator_enabled": false
              }
            ],
            "patch_mode": "ImageDefault",
            "plan": [],
            "platform_fault_domain": -1,
            "priority": "Regular",
            "private_ip_address": "10.0.1.4",
            "private_ip_addresses": [
              "10.0.1.4"
            ],
            "provision_vm_agent": true,
            "proximity_placement_group_id": "",
            "public_ip_address": "",
            "public_ip_addresses": [],
            "resource_group_name": "sap-dev-rg-default",
            "secret": [],
            "secure_boot_enabled": false,
            "size": "Standard_DS1_v2",
            "source_image_id": "",
            "source_image_reference": [
              {
                "offer": "0001-com-ubuntu-server-focal",
                "publisher": "Canonical",
                "sku": "20_04-lts",
                "version": "latest"
              }
            ],
            "tags": null,
            "termination_notification": null,
            "timeouts": null,
            "user_data": "",
            "virtual_machine_id": "075614aa-1442-4de1-bce2-bbaa7d2d53c8",
            "virtual_machine_scale_set_id": "",
            "vtpm_enabled": false,
            "zone": ""
          },
          "sensitive_attributes": [
            [
              {
                "type": "get_attr",
                "value": "admin_password"
              }
            ]
          ],
          "private": "eyJlMmJmYjczMC1lY2FhLTExZTYtOGY4OC0zNDM2M2JjN2M0YzAiOnsiY3JlYXRlIjoyNzAwMDAwMDAwMDAwLCJkZWxldGUiOjI3MDAwMDAwMDAwMDAsInJlYWQiOjMwMDAwMDAwMDAwMCwidXBkYXRlIjoyNzAwMDAwMDAwMDAwfX0=",
          "dependencies": [
            "azurerm_network_interface.web_linux_nic",
            "azurerm_resource_group.myrg1",
            "azurerm_subnet.websubnet",
            "azurerm_virtual_network.vnet"
          ]
        }
      ]
    },
    {
      "mode": "managed",
      "type": "azurerm_network_interface",
      "name": "bastion_host_linuxvm_nic",
      "provider": "provider[\"registry.terraform.io/hashicorp/azurerm\"]",
      "instances": [
        {
          "schema_version": 0,
          "attributes": {
            "applied_dns_servers": [],
            "dns_servers": [],
            "edge_zone": "",
            "enable_accelerated_networking": false,
            "enable_ip_forwarding": false,
            "id": "/subscriptions/96b933ba-3ac8-4a40-99cd-89bd68a4e6d6/resourceGroups/sap-dev-rg-default/providers/Microsoft.Network/networkInterfaces/sap-dev-web-bastion-host-linuxvm-nic",
            "internal_dns_name_label": "",
            "internal_domain_name_suffix": "k0s4dtxqgmuufnavwukv4waxnb.cx.internal.cloudapp.net",
            "ip_configuration": [
              {
                "gateway_load_balancer_frontend_ip_configuration_id": "",
                "name": "bastion-linuxip-1",
                "primary": true,
                "private_ip_address": "10.0.2.4",
                "private_ip_address_allocation": "Dynamic",
                "private_ip_address_version": "IPv4",
                "public_ip_address_id": "/subscriptions/96b933ba-3ac8-4a40-99cd-89bd68a4e6d6/resourceGroups/sap-dev-rg-default/providers/Microsoft.Network/publicIPAddresses/sap-dev-bastion-host-publicip",
                "subnet_id": "/subscriptions/96b933ba-3ac8-4a40-99cd-89bd68a4e6d6/resourceGroups/sap-dev-rg-default/providers/Microsoft.Network/virtualNetworks/sap-dev-vnet-default/subnets/sap-dev-bastionsubnet"
              }
            ],
            "location": "eastus2",
            "mac_address": "",
            "name": "sap-dev-web-bastion-host-linuxvm-nic",
            "private_ip_address": "10.0.2.4",
            "private_ip_addresses": [
              "10.0.2.4"
            ],
            "resource_group_name": "sap-dev-rg-default",
            "tags": null,
            "timeouts": null,
            "virtual_machine_id": ""
          },
          "sensitive_attributes": [],
          "private": "eyJlMmJmYjczMC1lY2FhLTExZTYtOGY4OC0zNDM2M2JjN2M0YzAiOnsiY3JlYXRlIjoxODAwMDAwMDAwMDAwLCJkZWxldGUiOjE4MDAwMDAwMDAwMDAsInJlYWQiOjMwMDAwMDAwMDAwMCwidXBkYXRlIjoxODAwMDAwMDAwMDAwfX0=",
          "dependencies": [
            "azurerm_public_ip.bastion_host_publicip",
            "azurerm_resource_group.myrg1",
            "azurerm_subnet.bastionsubnet",
            "azurerm_virtual_network.vnet"
          ]
        }
      ]
    },
    {
      "mode": "managed",
      "type": "azurerm_network_interface",
      "name": "web_linux_nic",
      "provider": "provider[\"registry.terraform.io/hashicorp/azurerm\"]",
      "instances": [
        {
          "index_key": "vm1",
          "schema_version": 0,
          "attributes": {
            "applied_dns_servers": [],
            "dns_servers": [],
            "edge_zone": "",
            "enable_accelerated_networking": false,
            "enable_ip_forwarding": false,
            "id": "/subscriptions/96b933ba-3ac8-4a40-99cd-89bd68a4e6d6/resourceGroups/sap-dev-rg-default/providers/Microsoft.Network/networkInterfaces/sap-dev-web-linuxvm-nic-vm1",
            "internal_dns_name_label": "",
            "internal_domain_name_suffix": "k0s4dtxqgmuufnavwukv4waxnb.cx.internal.cloudapp.net",
            "ip_configuration": [
              {
                "gateway_load_balancer_frontend_ip_configuration_id": "",
                "name": "web-linuxip-1",
                "primary": true,
                "private_ip_address": "10.0.1.5",
                "private_ip_address_allocation": "Dynamic",
                "private_ip_address_version": "IPv4",
                "public_ip_address_id": "",
                "subnet_id": "/subscriptions/96b933ba-3ac8-4a40-99cd-89bd68a4e6d6/resourceGroups/sap-dev-rg-default/providers/Microsoft.Network/virtualNetworks/sap-dev-vnet-default/subnets/sap-dev-websubnet"
              }
            ],
            "location": "eastus2",
            "mac_address": "",
            "name": "sap-dev-web-linuxvm-nic-vm1",
            "private_ip_address": "10.0.1.5",
            "private_ip_addresses": [
              "10.0.1.5"
            ],
            "resource_group_name": "sap-dev-rg-default",
            "tags": null,
            "timeouts": null,
            "virtual_machine_id": ""
          },
          "sensitive_attributes": [],
          "private": "eyJlMmJmYjczMC1lY2FhLTExZTYtOGY4OC0zNDM2M2JjN2M0YzAiOnsiY3JlYXRlIjoxODAwMDAwMDAwMDAwLCJkZWxldGUiOjE4MDAwMDAwMDAwMDAsInJlYWQiOjMwMDAwMDAwMDAwMCwidXBkYXRlIjoxODAwMDAwMDAwMDAwfX0=",
          "dependencies": [
            "azurerm_resource_group.myrg1",
            "azurerm_subnet.websubnet",
            "azurerm_virtual_network.vnet"
          ]
        },
        {
          "index_key": "vm2",
          "schema_version": 0,
          "attributes": {
            "applied_dns_servers": [],
            "dns_servers": [],
            "edge_zone": "",
            "enable_accelerated_networking": false,
            "enable_ip_forwarding": false,
            "id": "/subscriptions/96b933ba-3ac8-4a40-99cd-89bd68a4e6d6/resourceGroups/sap-dev-rg-default/providers/Microsoft.Network/networkInterfaces/sap-dev-web-linuxvm-nic-vm2",
            "internal_dns_name_label": "",
            "internal_domain_name_suffix": "k0s4dtxqgmuufnavwukv4waxnb.cx.internal.cloudapp.net",
            "ip_configuration": [
              {
                "gateway_load_balancer_frontend_ip_configuration_id": "",
                "name": "web-linuxip-1",
                "primary": true,
                "private_ip_address": "10.0.1.4",
                "private_ip_address_allocation": "Dynamic",
                "private_ip_address_version": "IPv4",
                "public_ip_address_id": "",
                "subnet_id": "/subscriptions/96b933ba-3ac8-4a40-99cd-89bd68a4e6d6/resourceGroups/sap-dev-rg-default/providers/Microsoft.Network/virtualNetworks/sap-dev-vnet-default/subnets/sap-dev-websubnet"
              }
            ],
            "location": "eastus2",
            "mac_address": "",
            "name": "sap-dev-web-linuxvm-nic-vm2",
            "private_ip_address": "10.0.1.4",
            "private_ip_addresses": [
              "10.0.1.4"
            ],
            "resource_group_name": "sap-dev-rg-default",
            "tags": null,
            "timeouts": null,
            "virtual_machine_id": ""
          },
          "sensitive_attributes": [],
          "private": "eyJlMmJmYjczMC1lY2FhLTExZTYtOGY4OC0zNDM2M2JjN2M0YzAiOnsiY3JlYXRlIjoxODAwMDAwMDAwMDAwLCJkZWxldGUiOjE4MDAwMDAwMDAwMDAsInJlYWQiOjMwMDAwMDAwMDAwMCwidXBkYXRlIjoxODAwMDAwMDAwMDAwfX0=",
          "dependencies": [
            "azurerm_resource_group.myrg1",
            "azurerm_subnet.websubnet",
            "azurerm_virtual_network.vnet"
          ]
        }
      ]
    },
    {
      "mode": "managed",
      "type": "azurerm_network_security_group",
      "name": "bastion_subnet_nsg",
      "provider": "provider[\"registry.terraform.io/hashicorp/azurerm\"]",
      "instances": [
        {
          "schema_version": 0,
          "attributes": {
            "id": "/subscriptions/96b933ba-3ac8-4a40-99cd-89bd68a4e6d6/resourceGroups/sap-dev-rg-default/providers/Microsoft.Network/networkSecurityGroups/sap-dev-bastionsubnet-sg",
            "location": "eastus2",
            "name": "sap-dev-bastionsubnet-sg",
            "resource_group_name": "sap-dev-rg-default",
            "security_rule": [],
            "tags": null,
            "timeouts": null
          },
          "sensitive_attributes": [],
          "private": "eyJlMmJmYjczMC1lY2FhLTExZTYtOGY4OC0zNDM2M2JjN2M0YzAiOnsiY3JlYXRlIjoxODAwMDAwMDAwMDAwLCJkZWxldGUiOjE4MDAwMDAwMDAwMDAsInJlYWQiOjMwMDAwMDAwMDAwMCwidXBkYXRlIjoxODAwMDAwMDAwMDAwfX0=",
          "dependencies": [
            "azurerm_resource_group.myrg1",
            "azurerm_subnet.bastionsubnet",
            "azurerm_virtual_network.vnet"
          ]
        }
      ]
    },
    {
      "mode": "managed",
      "type": "azurerm_network_security_group",
      "name": "web_subnet_nsg",
      "provider": "provider[\"registry.terraform.io/hashicorp/azurerm\"]",
      "instances": [
        {
          "schema_version": 0,
          "attributes": {
            "id": "/subscriptions/96b933ba-3ac8-4a40-99cd-89bd68a4e6d6/resourceGroups/sap-dev-rg-default/providers/Microsoft.Network/networkSecurityGroups/sap-dev-websubnet-sg",
            "location": "eastus2",
            "name": "sap-dev-websubnet-sg",
            "resource_group_name": "sap-dev-rg-default",
            "security_rule": [],
            "tags": null,
            "timeouts": null
          },
          "sensitive_attributes": [],
          "private": "eyJlMmJmYjczMC1lY2FhLTExZTYtOGY4OC0zNDM2M2JjN2M0YzAiOnsiY3JlYXRlIjoxODAwMDAwMDAwMDAwLCJkZWxldGUiOjE4MDAwMDAwMDAwMDAsInJlYWQiOjMwMDAwMDAwMDAwMCwidXBkYXRlIjoxODAwMDAwMDAwMDAwfX0=",
          "dependencies": [
            "azurerm_resource_group.myrg1",
            "azurerm_subnet.websubnet",
            "azurerm_virtual_network.vnet"
          ]
        }
      ]
    },
    {
      "mode": "managed",
      "type": "azurerm_network_security_rule",
      "name": "bastion_subnet_nsg_rule",
      "provider": "provider[\"registry.terraform.io/hashicorp/azurerm\"]",
      "instances": [
        {
          "index_key": "110",
          "schema_version": 0,
          "attributes": {
            "access": "Allow",
            "description": "",
            "destination_address_prefix": "*",
            "destination_address_prefixes": null,
            "destination_application_security_group_ids": null,
            "destination_port_range": "22",
            "destination_port_ranges": null,
            "direction": "Inbound",
            "id": "/subscriptions/96b933ba-3ac8-4a40-99cd-89bd68a4e6d6/resourceGroups/sap-dev-rg-default/providers/Microsoft.Network/networkSecurityGroups/sap-dev-bastionsubnet-sg/securityRules/Rule-Port-22",
            "name": "Rule-Port-22",
            "network_security_group_name": "sap-dev-bastionsubnet-sg",
            "priority": 110,
            "protocol": "Tcp",
            "resource_group_name": "sap-dev-rg-default",
            "source_address_prefix": "*",
            "source_address_prefixes": null,
            "source_application_security_group_ids": null,
            "source_port_range": "*",
            "source_port_ranges": null,
            "timeouts": null
          },
          "sensitive_attributes": [],
          "private": "eyJlMmJmYjczMC1lY2FhLTExZTYtOGY4OC0zNDM2M2JjN2M0YzAiOnsiY3JlYXRlIjoxODAwMDAwMDAwMDAwLCJkZWxldGUiOjE4MDAwMDAwMDAwMDAsInJlYWQiOjMwMDAwMDAwMDAwMCwidXBkYXRlIjoxODAwMDAwMDAwMDAwfX0=",
          "dependencies": [
            "azurerm_network_security_group.bastion_subnet_nsg",
            "azurerm_resource_group.myrg1",
            "azurerm_subnet.bastionsubnet",
            "azurerm_virtual_network.vnet"
          ]
        },
        {
          "index_key": "120",
          "schema_version": 0,
          "attributes": {
            "access": "Allow",
            "description": "",
            "destination_address_prefix": "*",
            "destination_address_prefixes": null,
            "destination_application_security_group_ids": null,
            "destination_port_range": "3389",
            "destination_port_ranges": null,
            "direction": "Inbound",
            "id": "/subscriptions/96b933ba-3ac8-4a40-99cd-89bd68a4e6d6/resourceGroups/sap-dev-rg-default/providers/Microsoft.Network/networkSecurityGroups/sap-dev-bastionsubnet-sg/securityRules/Rule-Port-3389",
            "name": "Rule-Port-3389",
            "network_security_group_name": "sap-dev-bastionsubnet-sg",
            "priority": 120,
            "protocol": "Tcp",
            "resource_group_name": "sap-dev-rg-default",
            "source_address_prefix": "*",
            "source_address_prefixes": null,
            "source_application_security_group_ids": null,
            "source_port_range": "*",
            "source_port_ranges": null,
            "timeouts": null
          },
          "sensitive_attributes": [],
          "private": "eyJlMmJmYjczMC1lY2FhLTExZTYtOGY4OC0zNDM2M2JjN2M0YzAiOnsiY3JlYXRlIjoxODAwMDAwMDAwMDAwLCJkZWxldGUiOjE4MDAwMDAwMDAwMDAsInJlYWQiOjMwMDAwMDAwMDAwMCwidXBkYXRlIjoxODAwMDAwMDAwMDAwfX0=",
          "dependencies": [
            "azurerm_network_security_group.bastion_subnet_nsg",
            "azurerm_resource_group.myrg1",
            "azurerm_subnet.bastionsubnet",
            "azurerm_virtual_network.vnet"
          ]
        }
      ]
    },
    {
      "mode": "managed",
      "type": "azurerm_network_security_rule",
      "name": "web_subnet_nsg_rule",
      "provider": "provider[\"registry.terraform.io/hashicorp/azurerm\"]",
      "instances": [
        {
          "index_key": "110",
          "schema_version": 0,
          "attributes": {
            "access": "Allow",
            "description": "",
            "destination_address_prefix": "*",
            "destination_address_prefixes": null,
            "destination_application_security_group_ids": null,
            "destination_port_range": "80",
            "destination_port_ranges": null,
            "direction": "Inbound",
            "id": "/subscriptions/96b933ba-3ac8-4a40-99cd-89bd68a4e6d6/resourceGroups/sap-dev-rg-default/providers/Microsoft.Network/networkSecurityGroups/sap-dev-websubnet-sg/securityRules/Rule-Port-80",
            "name": "Rule-Port-80",
            "network_security_group_name": "sap-dev-websubnet-sg",
            "priority": 110,
            "protocol": "Tcp",
            "resource_group_name": "sap-dev-rg-default",
            "source_address_prefix": "*",
            "source_address_prefixes": null,
            "source_application_security_group_ids": null,
            "source_port_range": "*",
            "source_port_ranges": null,
            "timeouts": null
          },
          "sensitive_attributes": [],
          "private": "eyJlMmJmYjczMC1lY2FhLTExZTYtOGY4OC0zNDM2M2JjN2M0YzAiOnsiY3JlYXRlIjoxODAwMDAwMDAwMDAwLCJkZWxldGUiOjE4MDAwMDAwMDAwMDAsInJlYWQiOjMwMDAwMDAwMDAwMCwidXBkYXRlIjoxODAwMDAwMDAwMDAwfX0=",
          "dependencies": [
            "azurerm_network_security_group.web_subnet_nsg",
            "azurerm_resource_group.myrg1",
            "azurerm_subnet.websubnet",
            "azurerm_virtual_network.vnet"
          ]
        },
        {
          "index_key": "120",
          "schema_version": 0,
          "attributes": {
            "access": "Allow",
            "description": "",
            "destination_address_prefix": "*",
            "destination_address_prefixes": null,
            "destination_application_security_group_ids": null,
            "destination_port_range": "443",
            "destination_port_ranges": null,
            "direction": "Inbound",
            "id": "/subscriptions/96b933ba-3ac8-4a40-99cd-89bd68a4e6d6/resourceGroups/sap-dev-rg-default/providers/Microsoft.Network/networkSecurityGroups/sap-dev-websubnet-sg/securityRules/Rule-Port-443",
            "name": "Rule-Port-443",
            "network_security_group_name": "sap-dev-websubnet-sg",
            "priority": 120,
            "protocol": "Tcp",
            "resource_group_name": "sap-dev-rg-default",
            "source_address_prefix": "*",
            "source_address_prefixes": null,
            "source_application_security_group_ids": null,
            "source_port_range": "*",
            "source_port_ranges": null,
            "timeouts": null
          },
          "sensitive_attributes": [],
          "private": "eyJlMmJmYjczMC1lY2FhLTExZTYtOGY4OC0zNDM2M2JjN2M0YzAiOnsiY3JlYXRlIjoxODAwMDAwMDAwMDAwLCJkZWxldGUiOjE4MDAwMDAwMDAwMDAsInJlYWQiOjMwMDAwMDAwMDAwMCwidXBkYXRlIjoxODAwMDAwMDAwMDAwfX0=",
          "dependencies": [
            "azurerm_network_security_group.web_subnet_nsg",
            "azurerm_resource_group.myrg1",
            "azurerm_subnet.websubnet",
            "azurerm_virtual_network.vnet"
          ]
        },
        {
          "index_key": "130",
          "schema_version": 0,
          "attributes": {
            "access": "Allow",
            "description": "",
            "destination_address_prefix": "*",
            "destination_address_prefixes": null,
            "destination_application_security_group_ids": null,
            "destination_port_range": "22",
            "destination_port_ranges": null,
            "direction": "Inbound",
            "id": "/subscriptions/96b933ba-3ac8-4a40-99cd-89bd68a4e6d6/resourceGroups/sap-dev-rg-default/providers/Microsoft.Network/networkSecurityGroups/sap-dev-websubnet-sg/securityRules/Rule-Port-22",
            "name": "Rule-Port-22",
            "network_security_group_name": "sap-dev-websubnet-sg",
            "priority": 130,
            "protocol": "Tcp",
            "resource_group_name": "sap-dev-rg-default",
            "source_address_prefix": "*",
            "source_address_prefixes": null,
            "source_application_security_group_ids": null,
            "source_port_range": "*",
            "source_port_ranges": null,
            "timeouts": null
          },
          "sensitive_attributes": [],
          "private": "eyJlMmJmYjczMC1lY2FhLTExZTYtOGY4OC0zNDM2M2JjN2M0YzAiOnsiY3JlYXRlIjoxODAwMDAwMDAwMDAwLCJkZWxldGUiOjE4MDAwMDAwMDAwMDAsInJlYWQiOjMwMDAwMDAwMDAwMCwidXBkYXRlIjoxODAwMDAwMDAwMDAwfX0=",
          "dependencies": [
            "azurerm_network_security_group.web_subnet_nsg",
            "azurerm_resource_group.myrg1",
            "azurerm_subnet.websubnet",
            "azurerm_virtual_network.vnet"
          ]
        }
      ]
    },
    {
      "mode": "managed",
      "type": "azurerm_public_ip",
      "name": "bastion_host_publicip",
      "provider": "provider[\"registry.terraform.io/hashicorp/azurerm\"]",
      "instances": [
        {
          "schema_version": 0,
          "attributes": {
            "allocation_method": "Static",
            "domain_name_label": null,
            "edge_zone": "",
            "fqdn": null,
            "id": "/subscriptions/96b933ba-3ac8-4a40-99cd-89bd68a4e6d6/resourceGroups/sap-dev-rg-default/providers/Microsoft.Network/publicIPAddresses/sap-dev-bastion-host-publicip",
            "idle_timeout_in_minutes": 4,
            "ip_address": "172.200.112.201",
            "ip_tags": null,
            "ip_version": "IPv4",
            "location": "eastus2",
            "name": "sap-dev-bastion-host-publicip",
            "public_ip_prefix_id": null,
            "resource_group_name": "sap-dev-rg-default",
            "reverse_fqdn": null,
            "sku": "Standard",
            "sku_tier": "Regional",
            "tags": null,
            "timeouts": null,
            "zones": null
          },
          "sensitive_attributes": [],
          "private": "eyJlMmJmYjczMC1lY2FhLTExZTYtOGY4OC0zNDM2M2JjN2M0YzAiOnsiY3JlYXRlIjoxODAwMDAwMDAwMDAwLCJkZWxldGUiOjE4MDAwMDAwMDAwMDAsInJlYWQiOjMwMDAwMDAwMDAwMCwidXBkYXRlIjoxODAwMDAwMDAwMDAwfX0=",
          "dependencies": [
            "azurerm_resource_group.myrg1"
          ]
        }
      ]
    },
    {
      "mode": "managed",
      "type": "azurerm_public_ip",
      "name": "bastion_service_publicip",
      "provider": "provider[\"registry.terraform.io/hashicorp/azurerm\"]",
      "instances": [
        {
          "schema_version": 0,
          "attributes": {
            "allocation_method": "Static",
            "domain_name_label": null,
            "edge_zone": "",
            "fqdn": null,
            "id": "/subscriptions/96b933ba-3ac8-4a40-99cd-89bd68a4e6d6/resourceGroups/sap-dev-rg-default/providers/Microsoft.Network/publicIPAddresses/sap-dev-bastion-service-publicip",
            "idle_timeout_in_minutes": 4,
            "ip_address": "20.22.204.107",
            "ip_tags": null,
            "ip_version": "IPv4",
            "location": "eastus2",
            "name": "sap-dev-bastion-service-publicip",
            "public_ip_prefix_id": null,
            "resource_group_name": "sap-dev-rg-default",
            "reverse_fqdn": null,
            "sku": "Standard",
            "sku_tier": "Regional",
            "tags": null,
            "timeouts": null,
            "zones": null
          },
          "sensitive_attributes": [],
          "private": "eyJlMmJmYjczMC1lY2FhLTExZTYtOGY4OC0zNDM2M2JjN2M0YzAiOnsiY3JlYXRlIjoxODAwMDAwMDAwMDAwLCJkZWxldGUiOjE4MDAwMDAwMDAwMDAsInJlYWQiOjMwMDAwMDAwMDAwMCwidXBkYXRlIjoxODAwMDAwMDAwMDAwfX0=",
          "dependencies": [
            "azurerm_resource_group.myrg1"
          ]
        }
      ]
    },
    {
      "mode": "managed",
      "type": "azurerm_resource_group",
      "name": "myrg1",
      "provider": "provider[\"registry.terraform.io/hashicorp/azurerm\"]",
      "instances": [
        {
          "schema_version": 0,
          "attributes": {
            "id": "/subscriptions/96b933ba-3ac8-4a40-99cd-89bd68a4e6d6/resourceGroups/sap-dev-rg-default",
            "location": "eastus2",
            "name": "sap-dev-rg-default",
            "tags": null,
            "timeouts": null
          },
          "sensitive_attributes": [],
          "private": "eyJlMmJmYjczMC1lY2FhLTExZTYtOGY4OC0zNDM2M2JjN2M0YzAiOnsiY3JlYXRlIjo1NDAwMDAwMDAwMDAwLCJkZWxldGUiOjU0MDAwMDAwMDAwMDAsInJlYWQiOjMwMDAwMDAwMDAwMCwidXBkYXRlIjo1NDAwMDAwMDAwMDAwfX0="
        }
      ]
    },
    {
      "mode": "managed",
      "type": "azurerm_subnet",
      "name": "bastion_service_subnet",
      "provider": "provider[\"registry.terraform.io/hashicorp/azurerm\"]",
      "instances": [
        {
          "schema_version": 0,
          "attributes": {
            "address_prefixes": [
              "10.0.101.0/27"
            ],
            "delegation": [],
            "enforce_private_link_endpoint_network_policies": false,
            "enforce_private_link_service_network_policies": false,
            "id": "/subscriptions/96b933ba-3ac8-4a40-99cd-89bd68a4e6d6/resourceGroups/sap-dev-rg-default/providers/Microsoft.Network/virtualNetworks/sap-dev-vnet-default/subnets/AzureBastionSubnet",
            "name": "AzureBastionSubnet",
            "resource_group_name": "sap-dev-rg-default",
            "service_endpoint_policy_ids": null,
            "service_endpoints": null,
            "timeouts": null,
            "virtual_network_name": "sap-dev-vnet-default"
          },
          "sensitive_attributes": [],
          "private": "eyJlMmJmYjczMC1lY2FhLTExZTYtOGY4OC0zNDM2M2JjN2M0YzAiOnsiY3JlYXRlIjoxODAwMDAwMDAwMDAwLCJkZWxldGUiOjE4MDAwMDAwMDAwMDAsInJlYWQiOjMwMDAwMDAwMDAwMCwidXBkYXRlIjoxODAwMDAwMDAwMDAwfX0=",
          "dependencies": [
            "azurerm_resource_group.myrg1",
            "azurerm_virtual_network.vnet"
          ]
        }
      ]
    },
    {
      "mode": "managed",
      "type": "azurerm_subnet",
      "name": "bastionsubnet",
      "provider": "provider[\"registry.terraform.io/hashicorp/azurerm\"]",
      "instances": [
        {
          "schema_version": 0,
          "attributes": {
            "address_prefixes": [
              "10.0.2.0/24"
            ],
            "delegation": [],
            "enforce_private_link_endpoint_network_policies": false,
            "enforce_private_link_service_network_policies": false,
            "id": "/subscriptions/96b933ba-3ac8-4a40-99cd-89bd68a4e6d6/resourceGroups/sap-dev-rg-default/providers/Microsoft.Network/virtualNetworks/sap-dev-vnet-default/subnets/sap-dev-bastionsubnet",
            "name": "sap-dev-bastionsubnet",
            "resource_group_name": "sap-dev-rg-default",
            "service_endpoint_policy_ids": null,
            "service_endpoints": null,
            "timeouts": null,
            "virtual_network_name": "sap-dev-vnet-default"
          },
          "sensitive_attributes": [],
          "private": "eyJlMmJmYjczMC1lY2FhLTExZTYtOGY4OC0zNDM2M2JjN2M0YzAiOnsiY3JlYXRlIjoxODAwMDAwMDAwMDAwLCJkZWxldGUiOjE4MDAwMDAwMDAwMDAsInJlYWQiOjMwMDAwMDAwMDAwMCwidXBkYXRlIjoxODAwMDAwMDAwMDAwfX0=",
          "dependencies": [
            "azurerm_resource_group.myrg1",
            "azurerm_virtual_network.vnet"
          ]
        }
      ]
    },
    {
      "mode": "managed",
      "type": "azurerm_subnet",
      "name": "websubnet",
      "provider": "provider[\"registry.terraform.io/hashicorp/azurerm\"]",
      "instances": [
        {
          "schema_version": 0,
          "attributes": {
            "address_prefixes": [
              "10.0.1.0/24"
            ],
            "delegation": [],
            "enforce_private_link_endpoint_network_policies": false,
            "enforce_private_link_service_network_policies": false,
            "id": "/subscriptions/96b933ba-3ac8-4a40-99cd-89bd68a4e6d6/resourceGroups/sap-dev-rg-default/providers/Microsoft.Network/virtualNetworks/sap-dev-vnet-default/subnets/sap-dev-websubnet",
            "name": "sap-dev-websubnet",
            "resource_group_name": "sap-dev-rg-default",
            "service_endpoint_policy_ids": null,
            "service_endpoints": null,
            "timeouts": null,
            "virtual_network_name": "sap-dev-vnet-default"
          },
          "sensitive_attributes": [],
          "private": "eyJlMmJmYjczMC1lY2FhLTExZTYtOGY4OC0zNDM2M2JjN2M0YzAiOnsiY3JlYXRlIjoxODAwMDAwMDAwMDAwLCJkZWxldGUiOjE4MDAwMDAwMDAwMDAsInJlYWQiOjMwMDAwMDAwMDAwMCwidXBkYXRlIjoxODAwMDAwMDAwMDAwfX0=",
          "dependencies": [
            "azurerm_resource_group.myrg1",
            "azurerm_virtual_network.vnet"
          ]
        }
      ]
    },
    {
      "mode": "managed",
      "type": "azurerm_subnet_network_security_group_association",
      "name": "bastion_subnet_nsg_associate",
      "provider": "provider[\"registry.terraform.io/hashicorp/azurerm\"]",
      "instances": [
        {
          "schema_version": 0,
          "attributes": {
            "id": "/subscriptions/96b933ba-3ac8-4a40-99cd-89bd68a4e6d6/resourceGroups/sap-dev-rg-default/providers/Microsoft.Network/virtualNetworks/sap-dev-vnet-default/subnets/sap-dev-bastionsubnet",
            "network_security_group_id": "/subscriptions/96b933ba-3ac8-4a40-99cd-89bd68a4e6d6/resourceGroups/sap-dev-rg-default/providers/Microsoft.Network/networkSecurityGroups/sap-dev-bastionsubnet-sg",
            "subnet_id": "/subscriptions/96b933ba-3ac8-4a40-99cd-89bd68a4e6d6/resourceGroups/sap-dev-rg-default/providers/Microsoft.Network/virtualNetworks/sap-dev-vnet-default/subnets/sap-dev-bastionsubnet",
            "timeouts": null
          },
          "sensitive_attributes": [],
          "private": "eyJlMmJmYjczMC1lY2FhLTExZTYtOGY4OC0zNDM2M2JjN2M0YzAiOnsiY3JlYXRlIjoxODAwMDAwMDAwMDAwLCJkZWxldGUiOjE4MDAwMDAwMDAwMDAsInJlYWQiOjMwMDAwMDAwMDAwMCwidXBkYXRlIjoxODAwMDAwMDAwMDAwfX0=",
          "dependencies": [
            "azurerm_network_security_group.bastion_subnet_nsg",
            "azurerm_network_security_rule.bastion_subnet_nsg_rule",
            "azurerm_resource_group.myrg1",
            "azurerm_subnet.bastionsubnet",
            "azurerm_virtual_network.vnet"
          ]
        }
      ]
    },
    {
      "mode": "managed",
      "type": "azurerm_subnet_network_security_group_association",
      "name": "web_subnet_nsg_associate",
      "provider": "provider[\"registry.terraform.io/hashicorp/azurerm\"]",
      "instances": [
        {
          "schema_version": 0,
          "attributes": {
            "id": "/subscriptions/96b933ba-3ac8-4a40-99cd-89bd68a4e6d6/resourceGroups/sap-dev-rg-default/providers/Microsoft.Network/virtualNetworks/sap-dev-vnet-default/subnets/sap-dev-websubnet",
            "network_security_group_id": "/subscriptions/96b933ba-3ac8-4a40-99cd-89bd68a4e6d6/resourceGroups/sap-dev-rg-default/providers/Microsoft.Network/networkSecurityGroups/sap-dev-websubnet-sg",
            "subnet_id": "/subscriptions/96b933ba-3ac8-4a40-99cd-89bd68a4e6d6/resourceGroups/sap-dev-rg-default/providers/Microsoft.Network/virtualNetworks/sap-dev-vnet-default/subnets/sap-dev-websubnet",
            "timeouts": null
          },
          "sensitive_attributes": [],
          "private": "eyJlMmJmYjczMC1lY2FhLTExZTYtOGY4OC0zNDM2M2JjN2M0YzAiOnsiY3JlYXRlIjoxODAwMDAwMDAwMDAwLCJkZWxldGUiOjE4MDAwMDAwMDAwMDAsInJlYWQiOjMwMDAwMDAwMDAwMCwidXBkYXRlIjoxODAwMDAwMDAwMDAwfX0=",
          "dependencies": [
            "azurerm_network_security_group.web_subnet_nsg",
            "azurerm_network_security_rule.web_subnet_nsg_rule",
            "azurerm_resource_group.myrg1",
            "azurerm_subnet.websubnet",
            "azurerm_virtual_network.vnet"
          ]
        }
      ]
    },
    {
      "mode": "managed",
      "type": "azurerm_virtual_network",
      "name": "vnet",
      "provider": "provider[\"registry.terraform.io/hashicorp/azurerm\"]",
      "instances": [
        {
          "schema_version": 0,
          "attributes": {
            "address_space": [
              "10.0.0.0/16"
            ],
            "bgp_community": "",
            "ddos_protection_plan": [],
            "dns_servers": [],
            "edge_zone": "",
            "flow_timeout_in_minutes": 0,
            "guid": "cee1a556-33f0-4229-b415-b5155f581769",
            "id": "/subscriptions/96b933ba-3ac8-4a40-99cd-89bd68a4e6d6/resourceGroups/sap-dev-rg-default/providers/Microsoft.Network/virtualNetworks/sap-dev-vnet-default",
            "location": "eastus2",
            "name": "sap-dev-vnet-default",
            "resource_group_name": "sap-dev-rg-default",
            "subnet": [],
            "tags": {
              "environment": "dev",
              "owners": "sap"
            },
            "timeouts": null
          },
          "sensitive_attributes": [],
          "private": "eyJlMmJmYjczMC1lY2FhLTExZTYtOGY4OC0zNDM2M2JjN2M0YzAiOnsiY3JlYXRlIjoxODAwMDAwMDAwMDAwLCJkZWxldGUiOjE4MDAwMDAwMDAwMDAsInJlYWQiOjMwMDAwMDAwMDAwMCwidXBkYXRlIjoxODAwMDAwMDAwMDAwfX0=",
          "dependencies": [
            "azurerm_resource_group.myrg1"
          ]
        }
      ]
    }
  ],
  "check_results": null
}
